
Microsoft Visual Studio Solution File, Format Version 12.00
# Visual Studio Version 17
VisualStudioVersion = 17.4.33205.214
MinimumVisualStudioVersion = 10.0.40219.1
Project("{9A19103F-16F7-4668-BE54-9A1E7A4F7556}") = "EyeSoft.LinqPad", "Internal\LINQPad\Source\Multi\LinqPad\EyeSoft.LinqPad.csproj", "{9F0C39A2-7678-44CC-8233-238D427AC33B}"
EndProject
Project("{9A19103F-16F7-4668-BE54-9A1E7A4F7556}") = "EyeSoft.LinqPad.Test", "Internal\LINQPad\Source\Multi\LinqPad.Test\EyeSoft.LinqPad.Test.csproj", "{0DD824F7-D080-40B1-A245-5932B4C4CE27}"
EndProject
Global
	GlobalSection(SolutionConfigurationPlatforms) = preSolution
		Debug|Any CPU = Debug|Any CPU
		Release|Any CPU = Release|Any CPU
	EndGlobalSection
	GlobalSection(ProjectConfigurationPlatforms) = postSolution
		{9F0C39A2-7678-44CC-8233-238D427AC33B}.Debug|Any CPU.ActiveCfg = Debug|Any CPU
		{9F0C39A2-7678-44CC-8233-238D427AC33B}.Debug|Any CPU.Build.0 = Debug|Any CPU
		{9F0C39A2-7678-44CC-8233-238D427AC33B}.Release|Any CPU.ActiveCfg = Release|Any CPU
		{9F0C39A2-7678-44CC-8233-238D427AC33B}.Release|Any CPU.Build.0 = Release|Any CPU
		{0DD824F7-D080-40B1-A245-5932B4C4CE27}.Debug|Any CPU.ActiveCfg = Debug|Any CPU
		{0DD824F7-D080-40B1-A245-5932B4C4CE27}.Debug|Any CPU.Build.0 = Debug|Any CPU
		{0DD824F7-D080-40B1-A245-5932B4C4CE27}.Release|Any CPU.ActiveCfg = Release|Any CPU
		{0DD824F7-D080-40B1-A245-5932B4C4CE27}.Release|Any CPU.Build.0 = Release|Any CPU
	EndGlobalSection
	GlobalSection(SolutionProperties) = preSolution
		HideSolutionNode = FALSE
	EndGlobalSection
	GlobalSection(ExtensibilityGlobals) = postSolution
		SolutionGuid = {FE38D5A3-18C2-4435-8C7A-E2E4B409B702}
	EndGlobalSection
EndGlobal
