
Microsoft Visual Studio Solution File, Format Version 12.00
# Visual Studio Version 17
VisualStudioVersion = 17.4.33205.214
MinimumVisualStudioVersion = 10.0.40219.1
Project("{9A19103F-16F7-4668-BE54-9A1E7A4F7556}") = "EyeSoft.Core", "Internal\Core\Source\4.0\Core\EyeSoft.Core.csproj", "{4C464A88-7D14-4755-9EBF-82BBE1B168ED}"
EndProject
Project("{9A19103F-16F7-4668-BE54-9A1E7A4F7556}") = "EyeSoft.Core.Test", "Internal\Core\Source\4.5\Core.Test\EyeSoft.Core.Test.csproj", "{9702B58C-F6D0-4A75-A2A8-2F4A847536DD}"
EndProject
Global
	GlobalSection(SolutionConfigurationPlatforms) = preSolution
		Debug|Any CPU = Debug|Any CPU
		Release|Any CPU = Release|Any CPU
	EndGlobalSection
	GlobalSection(ProjectConfigurationPlatforms) = postSolution
		{4C464A88-7D14-4755-9EBF-82BBE1B168ED}.Debug|Any CPU.ActiveCfg = Debug|Any CPU
		{4C464A88-7D14-4755-9EBF-82BBE1B168ED}.Debug|Any CPU.Build.0 = Debug|Any CPU
		{4C464A88-7D14-4755-9EBF-82BBE1B168ED}.Release|Any CPU.ActiveCfg = Release|Any CPU
		{4C464A88-7D14-4755-9EBF-82BBE1B168ED}.Release|Any CPU.Build.0 = Release|Any CPU
		{9702B58C-F6D0-4A75-A2A8-2F4A847536DD}.Debug|Any CPU.ActiveCfg = Debug|Any CPU
		{9702B58C-F6D0-4A75-A2A8-2F4A847536DD}.Debug|Any CPU.Build.0 = Debug|Any CPU
		{9702B58C-F6D0-4A75-A2A8-2F4A847536DD}.Release|Any CPU.ActiveCfg = Release|Any CPU
		{9702B58C-F6D0-4A75-A2A8-2F4A847536DD}.Release|Any CPU.Build.0 = Release|Any CPU
	EndGlobalSection
	GlobalSection(SolutionProperties) = preSolution
		HideSolutionNode = FALSE
	EndGlobalSection
	GlobalSection(ExtensibilityGlobals) = postSolution
		SolutionGuid = {7A0C9F9F-F9C7-4CFC-A90D-ECDF786A44F9}
	EndGlobalSection
	GlobalSection(CodealikeProperties) = postSolution
		SolutionGuid = a9556ffc-1a6f-449c-a00f-a63aa56560bf
	EndGlobalSection
EndGlobal
